[[package]]
name = "pygame"
version = "2.1.2"
description = "Python Game Development"
category = "main"
optional = false
python-versions = ">=3.6"

[metadata]
lock-version = "1.1"
python-versions = "^3.8"
content-hash = "ceabba9b684e4f2ab71d2d4da4968eba8c229599e1fa639f3b9b53711f3f4243"

[metadata.files]
pygame = []
